
Microsoft Visual Studio Solution File, Format Version 12.00
# Visual Studio Version 16
VisualStudioVersion = 16.0.31410.357
MinimumVisualStudioVersion = 10.0.40219.1
Project("{FAE04EC0-301F-11D3-BF4B-00C04F79EFBC}") = "Modul3HW5", "Modul3HW5\Modul3HW5.csproj", "{5F3631BD-B742-43EB-9CC7-8B51F59B8372}"
EndProject
Global
	GlobalSection(SolutionConfigurationPlatforms) = preSolution
		Debug|Any CPU = Debug|Any CPU
		Release|Any CPU = Release|Any CPU
	EndGlobalSection
	GlobalSection(ProjectConfigurationPlatforms) = postSolution
		{5F3631BD-B742-43EB-9CC7-8B51F59B8372}.Debug|Any CPU.ActiveCfg = Debug|Any CPU
		{5F3631BD-B742-43EB-9CC7-8B51F59B8372}.Debug|Any CPU.Build.0 = Debug|Any CPU
		{5F3631BD-B742-43EB-9CC7-8B51F59B8372}.Release|Any CPU.ActiveCfg = Release|Any CPU
		{5F3631BD-B742-43EB-9CC7-8B51F59B8372}.Release|Any CPU.Build.0 = Release|Any CPU
	EndGlobalSection
	GlobalSection(SolutionProperties) = preSolution
		HideSolutionNode = FALSE
	EndGlobalSection
	GlobalSection(ExtensibilityGlobals) = postSolution
		SolutionGuid = {EDC49E04-BA1C-405E-B67E-6DACCDB4B828}
	EndGlobalSection
EndGlobal
